
Microsoft Visual Studio Solution File, Format Version 12.00
# Visual Studio Version 17
VisualStudioVersion = 17.6.33801.468
MinimumVisualStudioVersion = 10.0.40219.1
Project("{FAE04EC0-301F-11D3-BF4B-00C04F79EFBC}") = "RainAPiTesting", "RainAPiTesting\RainAPiTesting.csproj", "{C2938933-330E-4202-9A30-BE41B6E0C450}"
EndProject
Global
	GlobalSection(SolutionConfigurationPlatforms) = preSolution
		Debug|Any CPU = Debug|Any CPU
		Release|Any CPU = Release|Any CPU
	EndGlobalSection
	GlobalSection(ProjectConfigurationPlatforms) = postSolution
		{C2938933-330E-4202-9A30-BE41B6E0C450}.Debug|Any CPU.ActiveCfg = Debug|Any CPU
		{C2938933-330E-4202-9A30-BE41B6E0C450}.Debug|Any CPU.Build.0 = Debug|Any CPU
		{C2938933-330E-4202-9A30-BE41B6E0C450}.Release|Any CPU.ActiveCfg = Release|Any CPU
		{C2938933-330E-4202-9A30-BE41B6E0C450}.Release|Any CPU.Build.0 = Release|Any CPU
	EndGlobalSection
	GlobalSection(SolutionProperties) = preSolution
		HideSolutionNode = FALSE
	EndGlobalSection
	GlobalSection(ExtensibilityGlobals) = postSolution
		SolutionGuid = {5107AA16-E076-49A0-8BB9-3305801007A5}
	EndGlobalSection
EndGlobal
